
Microsoft Visual Studio Solution File, Format Version 12.00
# Visual Studio Version 17
VisualStudioVersion = 17.3.32929.385
MinimumVisualStudioVersion = 10.0.40219.1
Project("{9A19103F-16F7-4668-BE54-9A1E7A4F7556}") = "PizzaStore.Tests", "PizzaStore.Tests\PizzaStore.Tests.csproj", "{818F1AA7-0AB0-4299-AE68-6D0BE9E8ECD7}"
EndProject
Project("{9A19103F-16F7-4668-BE54-9A1E7A4F7556}") = "PizzaStore.Api", "PizzaStore.Api\PizzaStore.Api.csproj", "{2FAFD272-6FC3-44DB-929A-E609B402EAF8}"
EndProject
Project("{9A19103F-16F7-4668-BE54-9A1E7A4F7556}") = "PizzaStore.Core", "PizzaStore.Core\PizzaStore.Core.csproj", "{FF2D2F90-EE53-45CB-8A8B-92F469717725}"
EndProject
Global
	GlobalSection(SolutionConfigurationPlatforms) = preSolution
		Debug|Any CPU = Debug|Any CPU
		Release|Any CPU = Release|Any CPU
	EndGlobalSection
	GlobalSection(ProjectConfigurationPlatforms) = postSolution
		{818F1AA7-0AB0-4299-AE68-6D0BE9E8ECD7}.Debug|Any CPU.ActiveCfg = Debug|Any CPU
		{818F1AA7-0AB0-4299-AE68-6D0BE9E8ECD7}.Debug|Any CPU.Build.0 = Debug|Any CPU
		{818F1AA7-0AB0-4299-AE68-6D0BE9E8ECD7}.Release|Any CPU.ActiveCfg = Release|Any CPU
		{818F1AA7-0AB0-4299-AE68-6D0BE9E8ECD7}.Release|Any CPU.Build.0 = Release|Any CPU
		{2FAFD272-6FC3-44DB-929A-E609B402EAF8}.Debug|Any CPU.ActiveCfg = Debug|Any CPU
		{2FAFD272-6FC3-44DB-929A-E609B402EAF8}.Debug|Any CPU.Build.0 = Debug|Any CPU
		{2FAFD272-6FC3-44DB-929A-E609B402EAF8}.Release|Any CPU.ActiveCfg = Release|Any CPU
		{2FAFD272-6FC3-44DB-929A-E609B402EAF8}.Release|Any CPU.Build.0 = Release|Any CPU
		{FF2D2F90-EE53-45CB-8A8B-92F469717725}.Debug|Any CPU.ActiveCfg = Debug|Any CPU
		{FF2D2F90-EE53-45CB-8A8B-92F469717725}.Debug|Any CPU.Build.0 = Debug|Any CPU
		{FF2D2F90-EE53-45CB-8A8B-92F469717725}.Release|Any CPU.ActiveCfg = Release|Any CPU
		{FF2D2F90-EE53-45CB-8A8B-92F469717725}.Release|Any CPU.Build.0 = Release|Any CPU
	EndGlobalSection
	GlobalSection(SolutionProperties) = preSolution
		HideSolutionNode = FALSE
	EndGlobalSection
	GlobalSection(ExtensibilityGlobals) = postSolution
		SolutionGuid = {48C729F7-CAAB-4862-AB4A-2B9E999AEDC4}
	EndGlobalSection
EndGlobal
